// !$*UTF8*$!
{
	archiveVersion = 1;
	classes = {
	};
	objectVersion = 56;
	objects = {

/* Begin PBXBuildFile section */
		4510A37729E3A5E4004F7EBA /* CarouselCollectionCell.swift in Sources */ = {isa = PBXBuildFile; fileRef = 4510A37529E3A5E4004F7EBA /* CarouselCollectionCell.swift */; };
		4510A37829E3A5E4004F7EBA /* CarouselCollectionCell.xib in Resources */ = {isa = PBXBuildFile; fileRef = 4510A37629E3A5E4004F7EBA /* CarouselCollectionCell.xib */; };
		4510A37A29E3A754004F7EBA /* CarouselTableCell.swift in Sources */ = {isa = PBXBuildFile; fileRef = 4510A37929E3A754004F7EBA /* CarouselTableCell.swift */; };
		4516E80B29DE59E50031FE52 /* AppDelegate.swift in Sources */ = {isa = PBXBuildFile; fileRef = 4516E80A29DE59E50031FE52 /* AppDelegate.swift */; };
		4516E80D29DE59E50031FE52 /* SceneDelegate.swift in Sources */ = {isa = PBXBuildFile; fileRef = 4516E80C29DE59E50031FE52 /* SceneDelegate.swift */; };
		4516E81429DE59E80031FE52 /* Assets.xcassets in Resources */ = {isa = PBXBuildFile; fileRef = 4516E81329DE59E80031FE52 /* Assets.xcassets */; };
		4516E81729DE59E80031FE52 /* LaunchScreen.storyboard in Resources */ = {isa = PBXBuildFile; fileRef = 4516E81529DE59E80031FE52 /* LaunchScreen.storyboard */; };
		4516E82229DE59E90031FE52 /* FinalProjectTests.swift in Sources */ = {isa = PBXBuildFile; fileRef = 4516E82129DE59E90031FE52 /* FinalProjectTests.swift */; };
		4516E82C29DE59E90031FE52 /* FinalProjectUITests.swift in Sources */ = {isa = PBXBuildFile; fileRef = 4516E82B29DE59E90031FE52 /* FinalProjectUITests.swift */; };
		4516E82E29DE59E90031FE52 /* FinalProjectUITestsLaunchTests.swift in Sources */ = {isa = PBXBuildFile; fileRef = 4516E82D29DE59E90031FE52 /* FinalProjectUITestsLaunchTests.swift */; };
		4516E84129DE5B970031FE52 /* HomeViewModel.swift in Sources */ = {isa = PBXBuildFile; fileRef = 4516E84029DE5B970031FE52 /* HomeViewModel.swift */; };
		45B623C029E3981E00DCB9F6 /* TabBar.swift in Sources */ = {isa = PBXBuildFile; fileRef = 45B623BF29E3981E00DCB9F6 /* TabBar.swift */; };
		D713F66A29E53BA80030DEC0 /* BrowseProductsTableCell.swift in Sources */ = {isa = PBXBuildFile; fileRef = D713F66929E53BA80030DEC0 /* BrowseProductsTableCell.swift */; };
		D71755A42A04B71D00FB9BD8 /* ProductDetailImgCollectionCell.swift in Sources */ = {isa = PBXBuildFile; fileRef = D71755A22A04B71D00FB9BD8 /* ProductDetailImgCollectionCell.swift */; };
		D71755A52A04B71D00FB9BD8 /* ProductDetailImgCollectionCell.xib in Resources */ = {isa = PBXBuildFile; fileRef = D71755A32A04B71D00FB9BD8 /* ProductDetailImgCollectionCell.xib */; };
		D71755A82A04E5A300FB9BD8 /* ProductsViewModel.swift in Sources */ = {isa = PBXBuildFile; fileRef = D71755A72A04E5A300FB9BD8 /* ProductsViewModel.swift */; };
		D71755B02A07B25F00FB9BD8 /* SkeletonView in Frameworks */ = {isa = PBXBuildFile; productRef = D71755AF2A07B25F00FB9BD8 /* SkeletonView */; };
		D71755B22A07C67600FB9BD8 /* CategoryTableCell.swift in Sources */ = {isa = PBXBuildFile; fileRef = D71755B12A07C67600FB9BD8 /* CategoryTableCell.swift */; };
		D71755B62A07F5C300FB9BD8 /* SignUpController.swift in Sources */ = {isa = PBXBuildFile; fileRef = D71755B42A07F5C300FB9BD8 /* SignUpController.swift */; };
		D71755B72A07F5C300FB9BD8 /* SignUpController.xib in Resources */ = {isa = PBXBuildFile; fileRef = D71755B52A07F5C300FB9BD8 /* SignUpController.xib */; };
		D71755B92A08114C00FB9BD8 /* CustomColors.swift in Sources */ = {isa = PBXBuildFile; fileRef = D71755B82A08114C00FB9BD8 /* CustomColors.swift */; };
		D71E9BDC29E4ECCD00F26F68 /* CatTableCell.swift in Sources */ = {isa = PBXBuildFile; fileRef = D71E9BDB29E4ECCD00F26F68 /* CatTableCell.swift */; };
		D71E9BE029E4EDDD00F26F68 /* CatCollectionCell.swift in Sources */ = {isa = PBXBuildFile; fileRef = D71E9BDE29E4EDDD00F26F68 /* CatCollectionCell.swift */; };
		D71E9BE129E4EDDD00F26F68 /* CatCollectionCell.xib in Resources */ = {isa = PBXBuildFile; fileRef = D71E9BDF29E4EDDD00F26F68 /* CatCollectionCell.xib */; };
		D729859E29E798D600E9F147 /* HeaderSectionTableCell.swift in Sources */ = {isa = PBXBuildFile; fileRef = D729859C29E798D600E9F147 /* HeaderSectionTableCell.swift */; };
		D729859F29E798D600E9F147 /* HeaderSectionTableCell.xib in Resources */ = {isa = PBXBuildFile; fileRef = D729859D29E798D600E9F147 /* HeaderSectionTableCell.xib */; };
		D72985A429E7A20000E9F147 /* ListsTableCell.swift in Sources */ = {isa = PBXBuildFile; fileRef = D72985A229E7A20000E9F147 /* ListsTableCell.swift */; };
		D72985A529E7A20000E9F147 /* ListsTableCell.xib in Resources */ = {isa = PBXBuildFile; fileRef = D72985A329E7A20000E9F147 /* ListsTableCell.xib */; };
		D72985B229E7C1D200E9F147 /* ListsCollectionCell.swift in Sources */ = {isa = PBXBuildFile; fileRef = D72985B029E7C1D200E9F147 /* ListsCollectionCell.swift */; };
		D72985B329E7C1D200E9F147 /* ListsCollectionCell.xib in Resources */ = {isa = PBXBuildFile; fileRef = D72985B129E7C1D200E9F147 /* ListsCollectionCell.xib */; };
		D72985B629E7C6CD00E9F147 /* SaleCollectionTableCell.swift in Sources */ = {isa = PBXBuildFile; fileRef = D72985B529E7C6CD00E9F147 /* SaleCollectionTableCell.swift */; };
		D72BA67E2A0422CF00DE19EF /* ProductsModel.swift in Sources */ = {isa = PBXBuildFile; fileRef = D72BA67D2A0422CF00DE19EF /* ProductsModel.swift */; };
		D73B09AF29EBB3040087F38D /* ApiService.swift in Sources */ = {isa = PBXBuildFile; fileRef = D73B09AE29EBB3040087F38D /* ApiService.swift */; };
		D73B09B129EBC0B20087F38D /* StoreModel.swift in Sources */ = {isa = PBXBuildFile; fileRef = D73B09B029EBC0B20087F38D /* StoreModel.swift */; };
		D73B09B629ECAB1D0087F38D /* ProfileController.swift in Sources */ = {isa = PBXBuildFile; fileRef = D73B09B429ECAB1D0087F38D /* ProfileController.swift */; };
		D73B09B729ECAB1D0087F38D /* ProfileController.xib in Resources */ = {isa = PBXBuildFile; fileRef = D73B09B529ECAB1D0087F38D /* ProfileController.xib */; };
		D741EE3E29ED8EAC0048425C /* MenuTableCell.swift in Sources */ = {isa = PBXBuildFile; fileRef = D741EE3C29ED8EAC0048425C /* MenuTableCell.swift */; };
		D741EE3F29ED8EAC0048425C /* MenuTableCell.xib in Resources */ = {isa = PBXBuildFile; fileRef = D741EE3D29ED8EAC0048425C /* MenuTableCell.xib */; };
		D741EE4329ED909A0048425C /* ProfileSectionTableCell.swift in Sources */ = {isa = PBXBuildFile; fileRef = D741EE4129ED909A0048425C /* ProfileSectionTableCell.swift */; };
		D741EE4429ED909A0048425C /* ProfileSectionTableCell.xib in Resources */ = {isa = PBXBuildFile; fileRef = D741EE4229ED909A0048425C /* ProfileSectionTableCell.xib */; };
		D744D2242A0201F100BE22F3 /* DescTableCell.swift in Sources */ = {isa = PBXBuildFile; fileRef = D744D2222A0201F100BE22F3 /* DescTableCell.swift */; };
		D744D2252A0201F100BE22F3 /* DescTableCell.xib in Resources */ = {isa = PBXBuildFile; fileRef = D744D2232A0201F100BE22F3 /* DescTableCell.xib */; };
		D744D22A2A02143D00BE22F3 /* CategoryController.swift in Sources */ = {isa = PBXBuildFile; fileRef = D744D2282A02143D00BE22F3 /* CategoryController.swift */; };
		D744D22B2A02143D00BE22F3 /* CategoryController.xib in Resources */ = {isa = PBXBuildFile; fileRef = D744D2292A02143D00BE22F3 /* CategoryController.xib */; };
		D746DE6D29E685BB008CCCC0 /* GoogleService-Info.plist in Resources */ = {isa = PBXBuildFile; fileRef = D746DE6C29E685BB008CCCC0 /* GoogleService-Info.plist */; };
		D746DE7029E686A1008CCCC0 /* FirebaseAuth in Frameworks */ = {isa = PBXBuildFile; productRef = D746DE6F29E686A1008CCCC0 /* FirebaseAuth */; };
		D764B1072A084FD7005864F7 /* SignInController.swift in Sources */ = {isa = PBXBuildFile; fileRef = D764B1052A084FD7005864F7 /* SignInController.swift */; };
		D764B1082A084FD7005864F7 /* SignInController.xib in Resources */ = {isa = PBXBuildFile; fileRef = D764B1062A084FD7005864F7 /* SignInController.xib */; };
		D7767AF82A009C10008D3DF2 /* DetailItemController.swift in Sources */ = {isa = PBXBuildFile; fileRef = D7767AF62A009C10008D3DF2 /* DetailItemController.swift */; };
		D7767AF92A009C10008D3DF2 /* DetailItemController.xib in Resources */ = {isa = PBXBuildFile; fileRef = D7767AF72A009C10008D3DF2 /* DetailItemController.xib */; };
		D7767AFC2A00A7C2008D3DF2 /* SDWebImage in Frameworks */ = {isa = PBXBuildFile; productRef = D7767AFB2A00A7C2008D3DF2 /* SDWebImage */; };
		D7767B0F2A00F34F008D3DF2 /* ProductImgTableCell.swift in Sources */ = {isa = PBXBuildFile; fileRef = D7767B0E2A00F34F008D3DF2 /* ProductImgTableCell.swift */; };
		D7997C6B29EA697C00260535 /* MoreSaleController.swift in Sources */ = {isa = PBXBuildFile; fileRef = D7997C6929EA697C00260535 /* MoreSaleController.swift */; };
		D7997C6C29EA697C00260535 /* MoreSaleController.xib in Resources */ = {isa = PBXBuildFile; fileRef = D7997C6A29EA697C00260535 /* MoreSaleController.xib */; };
		D7BC076F29FAC1EE00D7A991 /* HomeViewController.swift in Sources */ = {isa = PBXBuildFile; fileRef = D7BC076D29FAC1EE00D7A991 /* HomeViewController.swift */; };
		D7BC077029FAC1EE00D7A991 /* HomeViewController.xib in Resources */ = {isa = PBXBuildFile; fileRef = D7BC076E29FAC1EE00D7A991 /* HomeViewController.xib */; };
		D7C871A92A0928B2001DBC60 /* CategoryViewModel.swift in Sources */ = {isa = PBXBuildFile; fileRef = D7C871A82A0928B2001DBC60 /* CategoryViewModel.swift */; };
		D7C871AB2A096898001DBC60 /* ImageUrl+Resize.swift in Sources */ = {isa = PBXBuildFile; fileRef = D7C871AA2A096898001DBC60 /* ImageUrl+Resize.swift */; };
/* End PBXBuildFile section */

/* Begin PBXContainerItemProxy section */
		4516E81E29DE59E90031FE52 /* PBXContainerItemProxy */ = {
			isa = PBXContainerItemProxy;
			containerPortal = 4516E7FF29DE59E40031FE52 /* Project object */;
			proxyType = 1;
			remoteGlobalIDString = 4516E80629DE59E40031FE52;
			remoteInfo = FinalProject;
		};
		4516E82829DE59E90031FE52 /* PBXContainerItemProxy */ = {
			isa = PBXContainerItemProxy;
			containerPortal = 4516E7FF29DE59E40031FE52 /* Project object */;
			proxyType = 1;
			remoteGlobalIDString = 4516E80629DE59E40031FE52;
			remoteInfo = FinalProject;
		};
/* End PBXContainerItemProxy section */

/* Begin PBXFileReference section */
		4510A37529E3A5E4004F7EBA /* CarouselCollectionCell.swift */ = {isa = PBXFileReference; lastKnownFileType = sourcecode.swift; path = CarouselCollectionCell.swift; sourceTree = "<group>"; };
		4510A37629E3A5E4004F7EBA /* CarouselCollectionCell.xib */ = {isa = PBXFileReference; lastKnownFileType = file.xib; path = CarouselCollectionCell.xib; sourceTree = "<group>"; };
		4510A37929E3A754004F7EBA /* CarouselTableCell.swift */ = {isa = PBXFileReference; lastKnownFileType = sourcecode.swift; path = CarouselTableCell.swift; sourceTree = "<group>"; };
		4516E80729DE59E40031FE52 /* FinalProject.app */ = {isa = PBXFileReference; explicitFileType = wrapper.application; includeInIndex = 0; path = FinalProject.app; sourceTree = BUILT_PRODUCTS_DIR; };
		4516E80A29DE59E50031FE52 /* AppDelegate.swift */ = {isa = PBXFileReference; lastKnownFileType = sourcecode.swift; path = AppDelegate.swift; sourceTree = "<group>"; };
		4516E80C29DE59E50031FE52 /* SceneDelegate.swift */ = {isa = PBXFileReference; lastKnownFileType = sourcecode.swift; path = SceneDelegate.swift; sourceTree = "<group>"; };
		4516E81329DE59E80031FE52 /* Assets.xcassets */ = {isa = PBXFileReference; lastKnownFileType = folder.assetcatalog; path = Assets.xcassets; sourceTree = "<group>"; };
		4516E81629DE59E80031FE52 /* Base */ = {isa = PBXFileReference; lastKnownFileType = file.storyboard; name = Base; path = Base.lproj/LaunchScreen.storyboard; sourceTree = "<group>"; };
		4516E81829DE59E80031FE52 /* Info.plist */ = {isa = PBXFileReference; lastKnownFileType = text.plist.xml; path = Info.plist; sourceTree = "<group>"; };
		4516E81D29DE59E90031FE52 /* FinalProjectTests.xctest */ = {isa = PBXFileReference; explicitFileType = wrapper.cfbundle; includeInIndex = 0; path = FinalProjectTests.xctest; sourceTree = BUILT_PRODUCTS_DIR; };
		4516E82129DE59E90031FE52 /* FinalProjectTests.swift */ = {isa = PBXFileReference; lastKnownFileType = sourcecode.swift; path = FinalProjectTests.swift; sourceTree = "<group>"; };
		4516E82729DE59E90031FE52 /* FinalProjectUITests.xctest */ = {isa = PBXFileReference; explicitFileType = wrapper.cfbundle; includeInIndex = 0; path = FinalProjectUITests.xctest; sourceTree = BUILT_PRODUCTS_DIR; };
		4516E82B29DE59E90031FE52 /* FinalProjectUITests.swift */ = {isa = PBXFileReference; lastKnownFileType = sourcecode.swift; path = FinalProjectUITests.swift; sourceTree = "<group>"; };
		4516E82D29DE59E90031FE52 /* FinalProjectUITestsLaunchTests.swift */ = {isa = PBXFileReference; lastKnownFileType = sourcecode.swift; path = FinalProjectUITestsLaunchTests.swift; sourceTree = "<group>"; };
		4516E84029DE5B970031FE52 /* HomeViewModel.swift */ = {isa = PBXFileReference; lastKnownFileType = sourcecode.swift; path = HomeViewModel.swift; sourceTree = "<group>"; };
		45B623BF29E3981E00DCB9F6 /* TabBar.swift */ = {isa = PBXFileReference; lastKnownFileType = sourcecode.swift; path = TabBar.swift; sourceTree = "<group>"; };
		D713F66929E53BA80030DEC0 /* BrowseProductsTableCell.swift */ = {isa = PBXFileReference; lastKnownFileType = sourcecode.swift; path = BrowseProductsTableCell.swift; sourceTree = "<group>"; };
		D71755A22A04B71D00FB9BD8 /* ProductDetailImgCollectionCell.swift */ = {isa = PBXFileReference; lastKnownFileType = sourcecode.swift; path = ProductDetailImgCollectionCell.swift; sourceTree = "<group>"; };
		D71755A32A04B71D00FB9BD8 /* ProductDetailImgCollectionCell.xib */ = {isa = PBXFileReference; lastKnownFileType = file.xib; path = ProductDetailImgCollectionCell.xib; sourceTree = "<group>"; };
		D71755A72A04E5A300FB9BD8 /* ProductsViewModel.swift */ = {isa = PBXFileReference; lastKnownFileType = sourcecode.swift; path = ProductsViewModel.swift; sourceTree = "<group>"; };
		D71755B12A07C67600FB9BD8 /* CategoryTableCell.swift */ = {isa = PBXFileReference; lastKnownFileType = sourcecode.swift; path = CategoryTableCell.swift; sourceTree = "<group>"; };
		D71755B42A07F5C300FB9BD8 /* SignUpController.swift */ = {isa = PBXFileReference; lastKnownFileType = sourcecode.swift; path = SignUpController.swift; sourceTree = "<group>"; };
		D71755B52A07F5C300FB9BD8 /* SignUpController.xib */ = {isa = PBXFileReference; lastKnownFileType = file.xib; path = SignUpController.xib; sourceTree = "<group>"; };
		D71755B82A08114C00FB9BD8 /* CustomColors.swift */ = {isa = PBXFileReference; lastKnownFileType = sourcecode.swift; path = CustomColors.swift; sourceTree = "<group>"; };
		D71E9BDB29E4ECCD00F26F68 /* CatTableCell.swift */ = {isa = PBXFileReference; lastKnownFileType = sourcecode.swift; path = CatTableCell.swift; sourceTree = "<group>"; };
		D71E9BDE29E4EDDD00F26F68 /* CatCollectionCell.swift */ = {isa = PBXFileReference; lastKnownFileType = sourcecode.swift; path = CatCollectionCell.swift; sourceTree = "<group>"; };
		D71E9BDF29E4EDDD00F26F68 /* CatCollectionCell.xib */ = {isa = PBXFileReference; lastKnownFileType = file.xib; path = CatCollectionCell.xib; sourceTree = "<group>"; };
		D729859C29E798D600E9F147 /* HeaderSectionTableCell.swift */ = {isa = PBXFileReference; lastKnownFileType = sourcecode.swift; path = HeaderSectionTableCell.swift; sourceTree = "<group>"; };
		D729859D29E798D600E9F147 /* HeaderSectionTableCell.xib */ = {isa = PBXFileReference; lastKnownFileType = file.xib; path = HeaderSectionTableCell.xib; sourceTree = "<group>"; };
		D72985A229E7A20000E9F147 /* ListsTableCell.swift */ = {isa = PBXFileReference; lastKnownFileType = sourcecode.swift; path = ListsTableCell.swift; sourceTree = "<group>"; };
		D72985A329E7A20000E9F147 /* ListsTableCell.xib */ = {isa = PBXFileReference; lastKnownFileType = file.xib; path = ListsTableCell.xib; sourceTree = "<group>"; };
		D72985B029E7C1D200E9F147 /* ListsCollectionCell.swift */ = {isa = PBXFileReference; lastKnownFileType = sourcecode.swift; path = ListsCollectionCell.swift; sourceTree = "<group>"; };
		D72985B129E7C1D200E9F147 /* ListsCollectionCell.xib */ = {isa = PBXFileReference; lastKnownFileType = file.xib; path = ListsCollectionCell.xib; sourceTree = "<group>"; };
		D72985B529E7C6CD00E9F147 /* SaleCollectionTableCell.swift */ = {isa = PBXFileReference; lastKnownFileType = sourcecode.swift; path = SaleCollectionTableCell.swift; sourceTree = "<group>"; };
		D72BA67D2A0422CF00DE19EF /* ProductsModel.swift */ = {isa = PBXFileReference; lastKnownFileType = sourcecode.swift; path = ProductsModel.swift; sourceTree = "<group>"; };
		D73B09AE29EBB3040087F38D /* ApiService.swift */ = {isa = PBXFileReference; lastKnownFileType = sourcecode.swift; path = ApiService.swift; sourceTree = "<group>"; };
		D73B09B029EBC0B20087F38D /* StoreModel.swift */ = {isa = PBXFileReference; lastKnownFileType = sourcecode.swift; path = StoreModel.swift; sourceTree = "<group>"; };
		D73B09B429ECAB1D0087F38D /* ProfileController.swift */ = {isa = PBXFileReference; lastKnownFileType = sourcecode.swift; path = ProfileController.swift; sourceTree = "<group>"; };
		D73B09B529ECAB1D0087F38D /* ProfileController.xib */ = {isa = PBXFileReference; lastKnownFileType = file.xib; path = ProfileController.xib; sourceTree = "<group>"; };
		D741EE3C29ED8EAC0048425C /* MenuTableCell.swift */ = {isa = PBXFileReference; lastKnownFileType = sourcecode.swift; path = MenuTableCell.swift; sourceTree = "<group>"; };
		D741EE3D29ED8EAC0048425C /* MenuTableCell.xib */ = {isa = PBXFileReference; lastKnownFileType = file.xib; path = MenuTableCell.xib; sourceTree = "<group>"; };
		D741EE4129ED909A0048425C /* ProfileSectionTableCell.swift */ = {isa = PBXFileReference; lastKnownFileType = sourcecode.swift; path = ProfileSectionTableCell.swift; sourceTree = "<group>"; };
		D741EE4229ED909A0048425C /* ProfileSectionTableCell.xib */ = {isa = PBXFileReference; lastKnownFileType = file.xib; path = ProfileSectionTableCell.xib; sourceTree = "<group>"; };
		D744D2222A0201F100BE22F3 /* DescTableCell.swift */ = {isa = PBXFileReference; lastKnownFileType = sourcecode.swift; path = DescTableCell.swift; sourceTree = "<group>"; };
		D744D2232A0201F100BE22F3 /* DescTableCell.xib */ = {isa = PBXFileReference; lastKnownFileType = file.xib; path = DescTableCell.xib; sourceTree = "<group>"; };
		D744D2282A02143D00BE22F3 /* CategoryController.swift */ = {isa = PBXFileReference; lastKnownFileType = sourcecode.swift; path = CategoryController.swift; sourceTree = "<group>"; };
		D744D2292A02143D00BE22F3 /* CategoryController.xib */ = {isa = PBXFileReference; lastKnownFileType = file.xib; path = CategoryController.xib; sourceTree = "<group>"; };
		D746DE6C29E685BB008CCCC0 /* GoogleService-Info.plist */ = {isa = PBXFileReference; lastKnownFileType = text.plist; path = "GoogleService-Info.plist"; sourceTree = SOURCE_ROOT; };
		D764B1052A084FD7005864F7 /* SignInController.swift */ = {isa = PBXFileReference; lastKnownFileType = sourcecode.swift; path = SignInController.swift; sourceTree = "<group>"; };
		D764B1062A084FD7005864F7 /* SignInController.xib */ = {isa = PBXFileReference; lastKnownFileType = file.xib; path = SignInController.xib; sourceTree = "<group>"; };
		D7767AF62A009C10008D3DF2 /* DetailItemController.swift */ = {isa = PBXFileReference; lastKnownFileType = sourcecode.swift; path = DetailItemController.swift; sourceTree = "<group>"; };
		D7767AF72A009C10008D3DF2 /* DetailItemController.xib */ = {isa = PBXFileReference; lastKnownFileType = file.xib; path = DetailItemController.xib; sourceTree = "<group>"; };
		D7767B0E2A00F34F008D3DF2 /* ProductImgTableCell.swift */ = {isa = PBXFileReference; lastKnownFileType = sourcecode.swift; path = ProductImgTableCell.swift; sourceTree = "<group>"; };
		D7997C6929EA697C00260535 /* MoreSaleController.swift */ = {isa = PBXFileReference; lastKnownFileType = sourcecode.swift; path = MoreSaleController.swift; sourceTree = "<group>"; };
		D7997C6A29EA697C00260535 /* MoreSaleController.xib */ = {isa = PBXFileReference; lastKnownFileType = file.xib; path = MoreSaleController.xib; sourceTree = "<group>"; };
		D7BC076D29FAC1EE00D7A991 /* HomeViewController.swift */ = {isa = PBXFileReference; lastKnownFileType = sourcecode.swift; path = HomeViewController.swift; sourceTree = "<group>"; };
		D7BC076E29FAC1EE00D7A991 /* HomeViewController.xib */ = {isa = PBXFileReference; lastKnownFileType = file.xib; path = HomeViewController.xib; sourceTree = "<group>"; };
		D7C871A82A0928B2001DBC60 /* CategoryViewModel.swift */ = {isa = PBXFileReference; lastKnownFileType = sourcecode.swift; path = CategoryViewModel.swift; sourceTree = "<group>"; };
		D7C871AA2A096898001DBC60 /* ImageUrl+Resize.swift */ = {isa = PBXFileReference; lastKnownFileType = sourcecode.swift; path = "ImageUrl+Resize.swift"; sourceTree = "<group>"; };
/* End PBXFileReference section */

/* Begin PBXFrameworksBuildPhase section */
		4516E80429DE59E40031FE52 /* Frameworks */ = {
			isa = PBXFrameworksBuildPhase;
			buildActionMask = 2147483647;
			files = (
				D7767AFC2A00A7C2008D3DF2 /* SDWebImage in Frameworks */,
				D71755B02A07B25F00FB9BD8 /* SkeletonView in Frameworks */,
				D746DE7029E686A1008CCCC0 /* FirebaseAuth in Frameworks */,
			);
			runOnlyForDeploymentPostprocessing = 0;
		};
		4516E81A29DE59E90031FE52 /* Frameworks */ = {
			isa = PBXFrameworksBuildPhase;
			buildActionMask = 2147483647;
			files = (
			);
			runOnlyForDeploymentPostprocessing = 0;
		};
		4516E82429DE59E90031FE52 /* Frameworks */ = {
			isa = PBXFrameworksBuildPhase;
			buildActionMask = 2147483647;
			files = (
			);
			runOnlyForDeploymentPostprocessing = 0;
		};
/* End PBXFrameworksBuildPhase section */

/* Begin PBXGroup section */
		4510A37329E3A4D6004F7EBA /* Carousel */ = {
			isa = PBXGroup;
			children = (
				4510A37429E3A589004F7EBA /* CollectionCell */,
				4510A37929E3A754004F7EBA /* CarouselTableCell.swift */,
			);
			path = Carousel;
			sourceTree = "<group>";
		};
		4510A37429E3A589004F7EBA /* CollectionCell */ = {
			isa = PBXGroup;
			children = (
				4510A37529E3A5E4004F7EBA /* CarouselCollectionCell.swift */,
				4510A37629E3A5E4004F7EBA /* CarouselCollectionCell.xib */,
			);
			path = CollectionCell;
			sourceTree = "<group>";
		};
		4516E7FE29DE59E40031FE52 = {
			isa = PBXGroup;
			children = (
				4516E80929DE59E40031FE52 /* FinalProject */,
				4516E82029DE59E90031FE52 /* FinalProjectTests */,
				4516E82A29DE59E90031FE52 /* FinalProjectUITests */,
				4516E80829DE59E40031FE52 /* Products */,
			);
			sourceTree = "<group>";
		};
		4516E80829DE59E40031FE52 /* Products */ = {
			isa = PBXGroup;
			children = (
				4516E80729DE59E40031FE52 /* FinalProject.app */,
				4516E81D29DE59E90031FE52 /* FinalProjectTests.xctest */,
				4516E82729DE59E90031FE52 /* FinalProjectUITests.xctest */,
			);
			name = Products;
			sourceTree = "<group>";
		};
		4516E80929DE59E40031FE52 /* FinalProject */ = {
			isa = PBXGroup;
			children = (
				D71755A92A06235900FB9BD8 /* Extensions */,
				D73B09AD29EBB2F20087F38D /* Networking */,
				D7997C6D29EAB37D00260535 /* Models */,
				4516E84729DE677E0031FE52 /* Core */,
				4516E83D29DE5A890031FE52 /* Storyboard */,
				4516E83C29DE5A7F0031FE52 /* Helper */,
				4516E83A29DE5A5B0031FE52 /* Modules */,
				4516E81829DE59E80031FE52 /* Info.plist */,
				D746DE6C29E685BB008CCCC0 /* GoogleService-Info.plist */,
			);
			path = FinalProject;
			sourceTree = "<group>";
		};
		4516E82029DE59E90031FE52 /* FinalProjectTests */ = {
			isa = PBXGroup;
			children = (
				4516E82129DE59E90031FE52 /* FinalProjectTests.swift */,
			);
			path = FinalProjectTests;
			sourceTree = "<group>";
		};
		4516E82A29DE59E90031FE52 /* FinalProjectUITests */ = {
			isa = PBXGroup;
			children = (
				4516E82B29DE59E90031FE52 /* FinalProjectUITests.swift */,
				4516E82D29DE59E90031FE52 /* FinalProjectUITestsLaunchTests.swift */,
			);
			path = FinalProjectUITests;
			sourceTree = "<group>";
		};
		4516E83A29DE5A5B0031FE52 /* Modules */ = {
			isa = PBXGroup;
			children = (
				D72985B729E7DABF00E9F147 /* More Sales Page */,
				D744D2272A02141400BE22F3 /* Category Page */,
				D7767AF52A009BC9008D3DF2 /* Detail Page */,
				D71755B32A07F59B00FB9BD8 /* Sign Up */,
				D717559D2A0499CB00FB9BD8 /* Login */,
				D73B09B229ECA9A80087F38D /* Profile Page */,
				4516E83B29DE5A720031FE52 /* Home Page */,
			);
			path = Modules;
			sourceTree = "<group>";
		};
		4516E83B29DE5A720031FE52 /* Home Page */ = {
			isa = PBXGroup;
			children = (
				4516E83F29DE5B220031FE52 /* View */,
				4516E83E29DE5B180031FE52 /* ViewModel */,
			);
			path = "Home Page";
			sourceTree = "<group>";
		};
		4516E83C29DE5A7F0031FE52 /* Helper */ = {
			isa = PBXGroup;
			children = (
				4516E81329DE59E80031FE52 /* Assets.xcassets */,
			);
			path = Helper;
			sourceTree = "<group>";
		};
		4516E83D29DE5A890031FE52 /* Storyboard */ = {
			isa = PBXGroup;
			children = (
				4516E81529DE59E80031FE52 /* LaunchScreen.storyboard */,
			);
			path = Storyboard;
			sourceTree = "<group>";
		};
		4516E83E29DE5B180031FE52 /* ViewModel */ = {
			isa = PBXGroup;
			children = (
				4516E84029DE5B970031FE52 /* HomeViewModel.swift */,
			);
			path = ViewModel;
			sourceTree = "<group>";
		};
		4516E83F29DE5B220031FE52 /* View */ = {
			isa = PBXGroup;
			children = (
				4516E86829DE758E0031FE52 /* Cells */,
				D7BC076D29FAC1EE00D7A991 /* HomeViewController.swift */,
				D7BC076E29FAC1EE00D7A991 /* HomeViewController.xib */,
			);
			path = View;
			sourceTree = "<group>";
		};
		4516E84729DE677E0031FE52 /* Core */ = {
			isa = PBXGroup;
			children = (
				4516E80A29DE59E50031FE52 /* AppDelegate.swift */,
				4516E80C29DE59E50031FE52 /* SceneDelegate.swift */,
				45B623BF29E3981E00DCB9F6 /* TabBar.swift */,
			);
			path = Core;
			sourceTree = "<group>";
		};
		4516E86829DE758E0031FE52 /* Cells */ = {
			isa = PBXGroup;
			children = (
				D71755A62A04E55B00FB9BD8 /* Products */,
				D72985A029E7A18A00E9F147 /* Reuseable Cells */,
				D713F66829E53B170030DEC0 /* Browse Products */,
				D751C61D29E42FCB00F9EF03 /* Categories */,
				4510A37329E3A4D6004F7EBA /* Carousel */,
			);
			path = Cells;
			sourceTree = "<group>";
		};
		D713F66829E53B170030DEC0 /* Browse Products */ = {
			isa = PBXGroup;
			children = (
				D713F66929E53BA80030DEC0 /* BrowseProductsTableCell.swift */,
			);
			path = "Browse Products";
			sourceTree = "<group>";
		};
		D717559D2A0499CB00FB9BD8 /* Login */ = {
			isa = PBXGroup;
			children = (
				D764B1052A084FD7005864F7 /* SignInController.swift */,
				D764B1062A084FD7005864F7 /* SignInController.xib */,
			);
			path = Login;
			sourceTree = "<group>";
		};
		D71755A62A04E55B00FB9BD8 /* Products */ = {
			isa = PBXGroup;
			children = (
				D71755A72A04E5A300FB9BD8 /* ProductsViewModel.swift */,
				D72BA67B2A04216C00DE19EF /* Sale section */,
			);
			path = Products;
			sourceTree = "<group>";
		};
		D71755A92A06235900FB9BD8 /* Extensions */ = {
			isa = PBXGroup;
			children = (
				D71755B82A08114C00FB9BD8 /* CustomColors.swift */,
				D7C871AA2A096898001DBC60 /* ImageUrl+Resize.swift */,
			);
			path = Extensions;
			sourceTree = "<group>";
		};
		D71755B32A07F59B00FB9BD8 /* Sign Up */ = {
			isa = PBXGroup;
			children = (
				D71755B42A07F5C300FB9BD8 /* SignUpController.swift */,
				D71755B52A07F5C300FB9BD8 /* SignUpController.xib */,
			);
			path = "Sign Up";
			sourceTree = "<group>";
		};
		D71E9BDD29E4ED2C00F26F68 /* CollectionCell */ = {
			isa = PBXGroup;
			children = (
				D71E9BDE29E4EDDD00F26F68 /* CatCollectionCell.swift */,
				D71E9BDF29E4EDDD00F26F68 /* CatCollectionCell.xib */,
			);
			path = CollectionCell;
			sourceTree = "<group>";
		};
		D729859B29E7989600E9F147 /* Header Sections */ = {
			isa = PBXGroup;
			children = (
				D729859C29E798D600E9F147 /* HeaderSectionTableCell.swift */,
				D729859D29E798D600E9F147 /* HeaderSectionTableCell.xib */,
			);
			path = "Header Sections";
			sourceTree = "<group>";
		};
		D72985A029E7A18A00E9F147 /* Reuseable Cells */ = {
			isa = PBXGroup;
			children = (
				D72985AF29E7C17F00E9F147 /* ListsCollectionCells */,
				D72985A129E7A19E00E9F147 /* ListsTableCell */,
				D729859B29E7989600E9F147 /* Header Sections */,
			);
			path = "Reuseable Cells";
			sourceTree = "<group>";
		};
		D72985A129E7A19E00E9F147 /* ListsTableCell */ = {
			isa = PBXGroup;
			children = (
				D72985A229E7A20000E9F147 /* ListsTableCell.swift */,
				D72985A329E7A20000E9F147 /* ListsTableCell.xib */,
			);
			path = ListsTableCell;
			sourceTree = "<group>";
		};
		D72985AF29E7C17F00E9F147 /* ListsCollectionCells */ = {
			isa = PBXGroup;
			children = (
				D72985B429E7C66E00E9F147 /* CollectionCells */,
			);
			path = ListsCollectionCells;
			sourceTree = "<group>";
		};
		D72985B429E7C66E00E9F147 /* CollectionCells */ = {
			isa = PBXGroup;
			children = (
				D72985B029E7C1D200E9F147 /* ListsCollectionCell.swift */,
				D72985B129E7C1D200E9F147 /* ListsCollectionCell.xib */,
			);
			path = CollectionCells;
			sourceTree = "<group>";
		};
		D72985B729E7DABF00E9F147 /* More Sales Page */ = {
			isa = PBXGroup;
			children = (
				D7997C6929EA697C00260535 /* MoreSaleController.swift */,
				D7997C6A29EA697C00260535 /* MoreSaleController.xib */,
			);
			path = "More Sales Page";
			sourceTree = "<group>";
		};
		D72BA67B2A04216C00DE19EF /* Sale section */ = {
			isa = PBXGroup;
			children = (
				D72985B529E7C6CD00E9F147 /* SaleCollectionTableCell.swift */,
			);
			path = "Sale section";
			sourceTree = "<group>";
		};
		D73B09AD29EBB2F20087F38D /* Networking */ = {
			isa = PBXGroup;
			children = (
				D73B09AE29EBB3040087F38D /* ApiService.swift */,
			);
			path = Networking;
			sourceTree = "<group>";
		};
		D73B09B229ECA9A80087F38D /* Profile Page */ = {
			isa = PBXGroup;
			children = (
				D73B09B329ECA9C20087F38D /* View */,
			);
			path = "Profile Page";
			sourceTree = "<group>";
		};
		D73B09B329ECA9C20087F38D /* View */ = {
			isa = PBXGroup;
			children = (
				D73B09B829ECB9360087F38D /* Cells */,
				D73B09B429ECAB1D0087F38D /* ProfileController.swift */,
				D73B09B529ECAB1D0087F38D /* ProfileController.xib */,
			);
			path = View;
			sourceTree = "<group>";
		};
		D73B09B829ECB9360087F38D /* Cells */ = {
			isa = PBXGroup;
			children = (
				D741EE4029ED904A0048425C /* ProfileSectionTableCell */,
				D741EE3B29ED8E550048425C /* Reusable */,
			);
			path = Cells;
			sourceTree = "<group>";
		};
		D741EE3B29ED8E550048425C /* Reusable */ = {
			isa = PBXGroup;
			children = (
				D741EE4529ED948B0048425C /* MenuTableCell */,
			);
			path = Reusable;
			sourceTree = "<group>";
		};
		D741EE4029ED904A0048425C /* ProfileSectionTableCell */ = {
			isa = PBXGroup;
			children = (
				D741EE4129ED909A0048425C /* ProfileSectionTableCell.swift */,
				D741EE4229ED909A0048425C /* ProfileSectionTableCell.xib */,
			);
			path = ProfileSectionTableCell;
			sourceTree = "<group>";
		};
		D741EE4529ED948B0048425C /* MenuTableCell */ = {
			isa = PBXGroup;
			children = (
				D741EE3C29ED8EAC0048425C /* MenuTableCell.swift */,
				D741EE3D29ED8EAC0048425C /* MenuTableCell.xib */,
			);
			path = MenuTableCell;
			sourceTree = "<group>";
		};
		D744D2262A0201FE00BE22F3 /* Desc Cell */ = {
			isa = PBXGroup;
			children = (
				D744D2222A0201F100BE22F3 /* DescTableCell.swift */,
				D744D2232A0201F100BE22F3 /* DescTableCell.xib */,
			);
			path = "Desc Cell";
			sourceTree = "<group>";
		};
		D744D2272A02141400BE22F3 /* Category Page */ = {
			isa = PBXGroup;
			children = (
				D744D2282A02143D00BE22F3 /* CategoryController.swift */,
				D744D2292A02143D00BE22F3 /* CategoryController.xib */,
				D71755B12A07C67600FB9BD8 /* CategoryTableCell.swift */,
			);
			path = "Category Page";
			sourceTree = "<group>";
		};
		D751C61D29E42FCB00F9EF03 /* Categories */ = {
			isa = PBXGroup;
			children = (
				D7C871A72A09289A001DBC60 /* ViewModel */,
				D71E9BDD29E4ED2C00F26F68 /* CollectionCell */,
				D71E9BDB29E4ECCD00F26F68 /* CatTableCell.swift */,
			);
			path = Categories;
			sourceTree = "<group>";
		};
		D7767AF52A009BC9008D3DF2 /* Detail Page */ = {
			isa = PBXGroup;
			children = (
				D7767B072A00F1FA008D3DF2 /* Cell */,
				D7767AF62A009C10008D3DF2 /* DetailItemController.swift */,
				D7767AF72A009C10008D3DF2 /* DetailItemController.xib */,
			);
			path = "Detail Page";
			sourceTree = "<group>";
		};
		D7767B072A00F1FA008D3DF2 /* Cell */ = {
			isa = PBXGroup;
			children = (
				D744D2262A0201FE00BE22F3 /* Desc Cell */,
				D7767B0C2A00F30F008D3DF2 /* Product Images */,
			);
			path = Cell;
			sourceTree = "<group>";
		};
		D7767B0C2A00F30F008D3DF2 /* Product Images */ = {
			isa = PBXGroup;
			children = (
				D7767B0D2A00F325008D3DF2 /* CollectionCell */,
				D7767B0E2A00F34F008D3DF2 /* ProductImgTableCell.swift */,
			);
			path = "Product Images";
			sourceTree = "<group>";
		};
		D7767B0D2A00F325008D3DF2 /* CollectionCell */ = {
			isa = PBXGroup;
			children = (
				D71755A22A04B71D00FB9BD8 /* ProductDetailImgCollectionCell.swift */,
				D71755A32A04B71D00FB9BD8 /* ProductDetailImgCollectionCell.xib */,
			);
			path = CollectionCell;
			sourceTree = "<group>";
		};
		D7997C6D29EAB37D00260535 /* Models */ = {
			isa = PBXGroup;
			children = (
				D73B09B029EBC0B20087F38D /* StoreModel.swift */,
				D72BA67D2A0422CF00DE19EF /* ProductsModel.swift */,
			);
			path = Models;
			sourceTree = "<group>";
		};
		D7C871A72A09289A001DBC60 /* ViewModel */ = {
			isa = PBXGroup;
			children = (
				D7C871A82A0928B2001DBC60 /* CategoryViewModel.swift */,
			);
			path = ViewModel;
			sourceTree = "<group>";
		};
/* End PBXGroup section */

/* Begin PBXNativeTarget section */
		4516E80629DE59E40031FE52 /* FinalProject */ = {
			isa = PBXNativeTarget;
			buildConfigurationList = 4516E83129DE59E90031FE52 /* Build configuration list for PBXNativeTarget "FinalProject" */;
			buildPhases = (
				4516E80329DE59E40031FE52 /* Sources */,
				4516E80429DE59E40031FE52 /* Frameworks */,
				4516E80529DE59E40031FE52 /* Resources */,
			);
			buildRules = (
			);
			dependencies = (
			);
			name = FinalProject;
			packageProductDependencies = (
				D746DE6F29E686A1008CCCC0 /* FirebaseAuth */,
				D7767AFB2A00A7C2008D3DF2 /* SDWebImage */,
				D71755AF2A07B25F00FB9BD8 /* SkeletonView */,
			);
			productName = FinalProject;
			productReference = 4516E80729DE59E40031FE52 /* FinalProject.app */;
			productType = "com.apple.product-type.application";
		};
		4516E81C29DE59E90031FE52 /* FinalProjectTests */ = {
			isa = PBXNativeTarget;
			buildConfigurationList = 4516E83429DE59E90031FE52 /* Build configuration list for PBXNativeTarget "FinalProjectTests" */;
			buildPhases = (
				4516E81929DE59E90031FE52 /* Sources */,
				4516E81A29DE59E90031FE52 /* Frameworks */,
				4516E81B29DE59E90031FE52 /* Resources */,
			);
			buildRules = (
			);
			dependencies = (
				4516E81F29DE59E90031FE52 /* PBXTargetDependency */,
			);
			name = FinalProjectTests;
			productName = FinalProjectTests;
			productReference = 4516E81D29DE59E90031FE52 /* FinalProjectTests.xctest */;
			productType = "com.apple.product-type.bundle.unit-test";
		};
		4516E82629DE59E90031FE52 /* FinalProjectUITests */ = {
			isa = PBXNativeTarget;
			buildConfigurationList = 4516E83729DE59E90031FE52 /* Build configuration list for PBXNativeTarget "FinalProjectUITests" */;
			buildPhases = (
				4516E82329DE59E90031FE52 /* Sources */,
				4516E82429DE59E90031FE52 /* Frameworks */,
				4516E82529DE59E90031FE52 /* Resources */,
			);
			buildRules = (
			);
			dependencies = (
				4516E82929DE59E90031FE52 /* PBXTargetDependency */,
			);
			name = FinalProjectUITests;
			productName = FinalProjectUITests;
			productReference = 4516E82729DE59E90031FE52 /* FinalProjectUITests.xctest */;
			productType = "com.apple.product-type.bundle.ui-testing";
		};
/* End PBXNativeTarget section */

/* Begin PBXProject section */
		4516E7FF29DE59E40031FE52 /* Project object */ = {
			isa = PBXProject;
			attributes = {
				BuildIndependentTargetsInParallel = 1;
				LastSwiftUpdateCheck = 1420;
				LastUpgradeCheck = 1420;
				TargetAttributes = {
					4516E80629DE59E40031FE52 = {
						CreatedOnToolsVersion = 14.2;
					};
					4516E81C29DE59E90031FE52 = {
						CreatedOnToolsVersion = 14.2;
						TestTargetID = 4516E80629DE59E40031FE52;
					};
					4516E82629DE59E90031FE52 = {
						CreatedOnToolsVersion = 14.2;
						TestTargetID = 4516E80629DE59E40031FE52;
					};
				};
			};
			buildConfigurationList = 4516E80229DE59E40031FE52 /* Build configuration list for PBXProject "FinalProject" */;
			compatibilityVersion = "Xcode 14.0";
			developmentRegion = en;
			hasScannedForEncodings = 0;
			knownRegions = (
				en,
				Base,
			);
			mainGroup = 4516E7FE29DE59E40031FE52;
			packageReferences = (
				D746DE6E29E686A1008CCCC0 /* XCRemoteSwiftPackageReference "firebase-ios-sdk" */,
				D7767AFA2A00A7C2008D3DF2 /* XCRemoteSwiftPackageReference "SDWebImage" */,
				D71755AE2A07B25F00FB9BD8 /* XCRemoteSwiftPackageReference "SkeletonView" */,
			);
			productRefGroup = 4516E80829DE59E40031FE52 /* Products */;
			projectDirPath = "";
			projectRoot = "";
			targets = (
				4516E80629DE59E40031FE52 /* FinalProject */,
				4516E81C29DE59E90031FE52 /* FinalProjectTests */,
				4516E82629DE59E90031FE52 /* FinalProjectUITests */,
			);
		};
/* End PBXProject section */

/* Begin PBXResourcesBuildPhase section */
		4516E80529DE59E40031FE52 /* Resources */ = {
			isa = PBXResourcesBuildPhase;
			buildActionMask = 2147483647;
			files = (
				D7997C6C29EA697C00260535 /* MoreSaleController.xib in Resources */,
				4516E81729DE59E80031FE52 /* LaunchScreen.storyboard in Resources */,
				D746DE6D29E685BB008CCCC0 /* GoogleService-Info.plist in Resources */,
				4510A37829E3A5E4004F7EBA /* CarouselCollectionCell.xib in Resources */,
				D71E9BE129E4EDDD00F26F68 /* CatCollectionCell.xib in Resources */,
				D744D2252A0201F100BE22F3 /* DescTableCell.xib in Resources */,
				D73B09B729ECAB1D0087F38D /* ProfileController.xib in Resources */,
				D72985A529E7A20000E9F147 /* ListsTableCell.xib in Resources */,
				D764B1082A084FD7005864F7 /* SignInController.xib in Resources */,
				4516E81429DE59E80031FE52 /* Assets.xcassets in Resources */,
				D741EE3F29ED8EAC0048425C /* MenuTableCell.xib in Resources */,
				D741EE4429ED909A0048425C /* ProfileSectionTableCell.xib in Resources */,
				D729859F29E798D600E9F147 /* HeaderSectionTableCell.xib in Resources */,
				D71755A52A04B71D00FB9BD8 /* ProductDetailImgCollectionCell.xib in Resources */,
				D7767AF92A009C10008D3DF2 /* DetailItemController.xib in Resources */,
				D72985B329E7C1D200E9F147 /* ListsCollectionCell.xib in Resources */,
				D7BC077029FAC1EE00D7A991 /* HomeViewController.xib in Resources */,
				D744D22B2A02143D00BE22F3 /* CategoryController.xib in Resources */,
				D71755B72A07F5C300FB9BD8 /* SignUpController.xib in Resources */,
			);
			runOnlyForDeploymentPostprocessing = 0;
		};
		4516E81B29DE59E90031FE52 /* Resources */ = {
			isa = PBXResourcesBuildPhase;
			buildActionMask = 2147483647;
			files = (
			);
			runOnlyForDeploymentPostprocessing = 0;
		};
		4516E82529DE59E90031FE52 /* Resources */ = {
			isa = PBXResourcesBuildPhase;
			buildActionMask = 2147483647;
			files = (
			);
			runOnlyForDeploymentPostprocessing = 0;
		};
/* End PBXResourcesBuildPhase section */

/* Begin PBXSourcesBuildPhase section */
		4516E80329DE59E40031FE52 /* Sources */ = {
			isa = PBXSourcesBuildPhase;
			buildActionMask = 2147483647;
			files = (
				D7BC076F29FAC1EE00D7A991 /* HomeViewController.swift in Sources */,
				D72BA67E2A0422CF00DE19EF /* ProductsModel.swift in Sources */,
				D71E9BE029E4EDDD00F26F68 /* CatCollectionCell.swift in Sources */,
				D71755B92A08114C00FB9BD8 /* CustomColors.swift in Sources */,
				4510A37A29E3A754004F7EBA /* CarouselTableCell.swift in Sources */,
				D72985B629E7C6CD00E9F147 /* SaleCollectionTableCell.swift in Sources */,
				D744D2242A0201F100BE22F3 /* DescTableCell.swift in Sources */,
				D72985B229E7C1D200E9F147 /* ListsCollectionCell.swift in Sources */,
				D7767AF82A009C10008D3DF2 /* DetailItemController.swift in Sources */,
				4516E80B29DE59E50031FE52 /* AppDelegate.swift in Sources */,
				D73B09AF29EBB3040087F38D /* ApiService.swift in Sources */,
				D73B09B129EBC0B20087F38D /* StoreModel.swift in Sources */,
				4510A37729E3A5E4004F7EBA /* CarouselCollectionCell.swift in Sources */,
				D73B09B629ECAB1D0087F38D /* ProfileController.swift in Sources */,
				D7C871AB2A096898001DBC60 /* ImageUrl+Resize.swift in Sources */,
				D741EE4329ED909A0048425C /* ProfileSectionTableCell.swift in Sources */,
				4516E80D29DE59E50031FE52 /* SceneDelegate.swift in Sources */,
				D71755A82A04E5A300FB9BD8 /* ProductsViewModel.swift in Sources */,
				D7997C6B29EA697C00260535 /* MoreSaleController.swift in Sources */,
				D71755B62A07F5C300FB9BD8 /* SignUpController.swift in Sources */,
				4516E84129DE5B970031FE52 /* HomeViewModel.swift in Sources */,
				D729859E29E798D600E9F147 /* HeaderSectionTableCell.swift in Sources */,
				D71E9BDC29E4ECCD00F26F68 /* CatTableCell.swift in Sources */,
				D71755B22A07C67600FB9BD8 /* CategoryTableCell.swift in Sources */,
				D72985A429E7A20000E9F147 /* ListsTableCell.swift in Sources */,
				D741EE3E29ED8EAC0048425C /* MenuTableCell.swift in Sources */,
				45B623C029E3981E00DCB9F6 /* TabBar.swift in Sources */,
				D713F66A29E53BA80030DEC0 /* BrowseProductsTableCell.swift in Sources */,
				D71755A42A04B71D00FB9BD8 /* ProductDetailImgCollectionCell.swift in Sources */,
				D7C871A92A0928B2001DBC60 /* CategoryViewModel.swift in Sources */,
				D764B1072A084FD7005864F7 /* SignInController.swift in Sources */,
				D744D22A2A02143D00BE22F3 /* CategoryController.swift in Sources */,
				D7767B0F2A00F34F008D3DF2 /* ProductImgTableCell.swift in Sources */,
			);
			runOnlyForDeploymentPostprocessing = 0;
		};
		4516E81929DE59E90031FE52 /* Sources */ = {
			isa = PBXSourcesBuildPhase;
			buildActionMask = 2147483647;
			files = (
				4516E82229DE59E90031FE52 /* FinalProjectTests.swift in Sources */,
			);
			runOnlyForDeploymentPostprocessing = 0;
		};
		4516E82329DE59E90031FE52 /* Sources */ = {
			isa = PBXSourcesBuildPhase;
			buildActionMask = 2147483647;
			files = (
				4516E82C29DE59E90031FE52 /* FinalProjectUITests.swift in Sources */,
				4516E82E29DE59E90031FE52 /* FinalProjectUITestsLaunchTests.swift in Sources */,
			);
			runOnlyForDeploymentPostprocessing = 0;
		};
/* End PBXSourcesBuildPhase section */

/* Begin PBXTargetDependency section */
		4516E81F29DE59E90031FE52 /* PBXTargetDependency */ = {
			isa = PBXTargetDependency;
			target = 4516E80629DE59E40031FE52 /* FinalProject */;
			targetProxy = 4516E81E29DE59E90031FE52 /* PBXContainerItemProxy */;
		};
		4516E82929DE59E90031FE52 /* PBXTargetDependency */ = {
			isa = PBXTargetDependency;
			target = 4516E80629DE59E40031FE52 /* FinalProject */;
			targetProxy = 4516E82829DE59E90031FE52 /* PBXContainerItemProxy */;
		};
/* End PBXTargetDependency section */

/* Begin PBXVariantGroup section */
		4516E81529DE59E80031FE52 /* LaunchScreen.storyboard */ = {
			isa = PBXVariantGroup;
			children = (
				4516E81629DE59E80031FE52 /* Base */,
			);
			name = LaunchScreen.storyboard;
			sourceTree = "<group>";
		};
/* End PBXVariantGroup section */

/* Begin XCBuildConfiguration section */
		4516E82F29DE59E90031FE52 /* Debug */ = {
			isa = XCBuildConfiguration;
			buildSettings = {
				ALWAYS_SEARCH_USER_PATHS = NO;
				CLANG_ANALYZER_NONNULL = YES;
				CLANG_ANALYZER_NUMBER_OBJECT_CONVERSION = YES_AGGRESSIVE;
				CLANG_CXX_LANGUAGE_STANDARD = "gnu++20";
				CLANG_ENABLE_MODULES = YES;
				CLANG_ENABLE_OBJC_ARC = YES;
				CLANG_ENABLE_OBJC_WEAK = YES;
				CLANG_WARN_BLOCK_CAPTURE_AUTORELEASING = YES;
				CLANG_WARN_BOOL_CONVERSION = YES;
				CLANG_WARN_COMMA = YES;
				CLANG_WARN_CONSTANT_CONVERSION = YES;
				CLANG_WARN_DEPRECATED_OBJC_IMPLEMENTATIONS = YES;
				CLANG_WARN_DIRECT_OBJC_ISA_USAGE = YES_ERROR;
				CLANG_WARN_DOCUMENTATION_COMMENTS = YES;
				CLANG_WARN_EMPTY_BODY = YES;
				CLANG_WARN_ENUM_CONVERSION = YES;
				CLANG_WARN_INFINITE_RECURSION = YES;
				CLANG_WARN_INT_CONVERSION = YES;
				CLANG_WARN_NON_LITERAL_NULL_CONVERSION = YES;
				CLANG_WARN_OBJC_IMPLICIT_RETAIN_SELF = YES;
				CLANG_WARN_OBJC_LITERAL_CONVERSION = YES;
				CLANG_WARN_OBJC_ROOT_CLASS = YES_ERROR;
				CLANG_WARN_QUOTED_INCLUDE_IN_FRAMEWORK_HEADER = YES;
				CLANG_WARN_RANGE_LOOP_ANALYSIS = YES;
				CLANG_WARN_STRICT_PROTOTYPES = YES;
				CLANG_WARN_SUSPICIOUS_MOVE = YES;
				CLANG_WARN_UNGUARDED_AVAILABILITY = YES_AGGRESSIVE;
				CLANG_WARN_UNREACHABLE_CODE = YES;
				CLANG_WARN__DUPLICATE_METHOD_MATCH = YES;
				COPY_PHASE_STRIP = NO;
				DEBUG_INFORMATION_FORMAT = dwarf;
				ENABLE_STRICT_OBJC_MSGSEND = YES;
				ENABLE_TESTABILITY = YES;
				GCC_C_LANGUAGE_STANDARD = gnu11;
				GCC_DYNAMIC_NO_PIC = NO;
				GCC_NO_COMMON_BLOCKS = YES;
				GCC_OPTIMIZATION_LEVEL = 0;
				GCC_PREPROCESSOR_DEFINITIONS = (
					"DEBUG=1",
					"$(inherited)",
				);
				GCC_WARN_64_TO_32_BIT_CONVERSION = YES;
				GCC_WARN_ABOUT_RETURN_TYPE = YES_ERROR;
				GCC_WARN_UNDECLARED_SELECTOR = YES;
				GCC_WARN_UNINITIALIZED_AUTOS = YES_AGGRESSIVE;
				GCC_WARN_UNUSED_FUNCTION = YES;
				GCC_WARN_UNUSED_VARIABLE = YES;
				IPHONEOS_DEPLOYMENT_TARGET = 16.2;
				MTL_ENABLE_DEBUG_INFO = INCLUDE_SOURCE;
				MTL_FAST_MATH = YES;
				ONLY_ACTIVE_ARCH = YES;
				SDKROOT = iphoneos;
				SWIFT_ACTIVE_COMPILATION_CONDITIONS = DEBUG;
				SWIFT_OPTIMIZATION_LEVEL = "-Onone";
			};
			name = Debug;
		};
		4516E83029DE59E90031FE52 /* Release */ = {
			isa = XCBuildConfiguration;
			buildSettings = {
				ALWAYS_SEARCH_USER_PATHS = NO;
				CLANG_ANALYZER_NONNULL = YES;
				CLANG_ANALYZER_NUMBER_OBJECT_CONVERSION = YES_AGGRESSIVE;
				CLANG_CXX_LANGUAGE_STANDARD = "gnu++20";
				CLANG_ENABLE_MODULES = YES;
				CLANG_ENABLE_OBJC_ARC = YES;
				CLANG_ENABLE_OBJC_WEAK = YES;
				CLANG_WARN_BLOCK_CAPTURE_AUTORELEASING = YES;
				CLANG_WARN_BOOL_CONVERSION = YES;
				CLANG_WARN_COMMA = YES;
				CLANG_WARN_CONSTANT_CONVERSION = YES;
				CLANG_WARN_DEPRECATED_OBJC_IMPLEMENTATIONS = YES;
				CLANG_WARN_DIRECT_OBJC_ISA_USAGE = YES_ERROR;
				CLANG_WARN_DOCUMENTATION_COMMENTS = YES;
				CLANG_WARN_EMPTY_BODY = YES;
				CLANG_WARN_ENUM_CONVERSION = YES;
				CLANG_WARN_INFINITE_RECURSION = YES;
				CLANG_WARN_INT_CONVERSION = YES;
				CLANG_WARN_NON_LITERAL_NULL_CONVERSION = YES;
				CLANG_WARN_OBJC_IMPLICIT_RETAIN_SELF = YES;
				CLANG_WARN_OBJC_LITERAL_CONVERSION = YES;
				CLANG_WARN_OBJC_ROOT_CLASS = YES_ERROR;
				CLANG_WARN_QUOTED_INCLUDE_IN_FRAMEWORK_HEADER = YES;
				CLANG_WARN_RANGE_LOOP_ANALYSIS = YES;
				CLANG_WARN_STRICT_PROTOTYPES = YES;
				CLANG_WARN_SUSPICIOUS_MOVE = YES;
				CLANG_WARN_UNGUARDED_AVAILABILITY = YES_AGGRESSIVE;
				CLANG_WARN_UNREACHABLE_CODE = YES;
				CLANG_WARN__DUPLICATE_METHOD_MATCH = YES;
				COPY_PHASE_STRIP = NO;
				DEBUG_INFORMATION_FORMAT = "dwarf-with-dsym";
				ENABLE_NS_ASSERTIONS = NO;
				ENABLE_STRICT_OBJC_MSGSEND = YES;
				GCC_C_LANGUAGE_STANDARD = gnu11;
				GCC_NO_COMMON_BLOCKS = YES;
				GCC_WARN_64_TO_32_BIT_CONVERSION = YES;
				GCC_WARN_ABOUT_RETURN_TYPE = YES_ERROR;
				GCC_WARN_UNDECLARED_SELECTOR = YES;
				GCC_WARN_UNINITIALIZED_AUTOS = YES_AGGRESSIVE;
				GCC_WARN_UNUSED_FUNCTION = YES;
				GCC_WARN_UNUSED_VARIABLE = YES;
				IPHONEOS_DEPLOYMENT_TARGET = 16.2;
				MTL_ENABLE_DEBUG_INFO = NO;
				MTL_FAST_MATH = YES;
				SDKROOT = iphoneos;
				SWIFT_COMPILATION_MODE = wholemodule;
				SWIFT_OPTIMIZATION_LEVEL = "-O";
				VALIDATE_PRODUCT = YES;
			};
			name = Release;
		};
		4516E83229DE59E90031FE52 /* Debug */ = {
			isa = XCBuildConfiguration;
			buildSettings = {
				ASSETCATALOG_COMPILER_APPICON_NAME = AppIcon;
				ASSETCATALOG_COMPILER_GLOBAL_ACCENT_COLOR_NAME = AccentColor;
				CODE_SIGN_STYLE = Automatic;
				CURRENT_PROJECT_VERSION = 1;
				GENERATE_INFOPLIST_FILE = YES;
				INFOPLIST_FILE = FinalProject/Info.plist;
				INFOPLIST_KEY_UIApplicationSupportsIndirectInputEvents = YES;
				INFOPLIST_KEY_UILaunchStoryboardName = LaunchScreen;
				INFOPLIST_KEY_UISupportedInterfaceOrientations_iPad = "UIInterfaceOrientationPortrait UIInterfaceOrientationPortraitUpsideDown UIInterfaceOrientationLandscapeLeft UIInterfaceOrientationLandscapeRight";
				INFOPLIST_KEY_UISupportedInterfaceOrientations_iPhone = "UIInterfaceOrientationPortrait UIInterfaceOrientationLandscapeLeft UIInterfaceOrientationLandscapeRight";
				LD_RUNPATH_SEARCH_PATHS = (
					"$(inherited)",
					"@executable_path/Frameworks",
				);
				MARKETING_VERSION = 1.0;
				PRODUCT_BUNDLE_IDENTIFIER = com.farhan.FinalProject;
				PRODUCT_NAME = "$(TARGET_NAME)";
				SWIFT_EMIT_LOC_STRINGS = YES;
				SWIFT_VERSION = 5.0;
				TARGETED_DEVICE_FAMILY = "1,2";
			};
			name = Debug;
		};
		4516E83329DE59E90031FE52 /* Release */ = {
			isa = XCBuildConfiguration;
			buildSettings = {
				ASSETCATALOG_COMPILER_APPICON_NAME = AppIcon;
				ASSETCATALOG_COMPILER_GLOBAL_ACCENT_COLOR_NAME = AccentColor;
				CODE_SIGN_STYLE = Automatic;
				CURRENT_PROJECT_VERSION = 1;
				GENERATE_INFOPLIST_FILE = YES;
				INFOPLIST_FILE = FinalProject/Info.plist;
				INFOPLIST_KEY_UIApplicationSupportsIndirectInputEvents = YES;
				INFOPLIST_KEY_UILaunchStoryboardName = LaunchScreen;
				INFOPLIST_KEY_UISupportedInterfaceOrientations_iPad = "UIInterfaceOrientationPortrait UIInterfaceOrientationPortraitUpsideDown UIInterfaceOrientationLandscapeLeft UIInterfaceOrientationLandscapeRight";
				INFOPLIST_KEY_UISupportedInterfaceOrientations_iPhone = "UIInterfaceOrientationPortrait UIInterfaceOrientationLandscapeLeft UIInterfaceOrientationLandscapeRight";
				LD_RUNPATH_SEARCH_PATHS = (
					"$(inherited)",
					"@executable_path/Frameworks",
				);
				MARKETING_VERSION = 1.0;
				PRODUCT_BUNDLE_IDENTIFIER = com.farhan.FinalProject;
				PRODUCT_NAME = "$(TARGET_NAME)";
				SWIFT_EMIT_LOC_STRINGS = YES;
				SWIFT_VERSION = 5.0;
				TARGETED_DEVICE_FAMILY = "1,2";
			};
			name = Release;
		};
		4516E83529DE59E90031FE52 /* Debug */ = {
			isa = XCBuildConfiguration;
			buildSettings = {
				ALWAYS_EMBED_SWIFT_STANDARD_LIBRARIES = YES;
				BUNDLE_LOADER = "$(TEST_HOST)";
				CODE_SIGN_STYLE = Automatic;
				CURRENT_PROJECT_VERSION = 1;
				GENERATE_INFOPLIST_FILE = YES;
				IPHONEOS_DEPLOYMENT_TARGET = 16.2;
				MARKETING_VERSION = 1.0;
				PRODUCT_BUNDLE_IDENTIFIER = com.farhan.FinalProjectTests;
				PRODUCT_NAME = "$(TARGET_NAME)";
				SWIFT_EMIT_LOC_STRINGS = NO;
				SWIFT_VERSION = 5.0;
				TARGETED_DEVICE_FAMILY = "1,2";
				TEST_HOST = "$(BUILT_PRODUCTS_DIR)/FinalProject.app/$(BUNDLE_EXECUTABLE_FOLDER_PATH)/FinalProject";
			};
			name = Debug;
		};
		4516E83629DE59E90031FE52 /* Release */ = {
			isa = XCBuildConfiguration;
			buildSettings = {
				ALWAYS_EMBED_SWIFT_STANDARD_LIBRARIES = YES;
				BUNDLE_LOADER = "$(TEST_HOST)";
				CODE_SIGN_STYLE = Automatic;
				CURRENT_PROJECT_VERSION = 1;
				GENERATE_INFOPLIST_FILE = YES;
				IPHONEOS_DEPLOYMENT_TARGET = 16.2;
				MARKETING_VERSION = 1.0;
				PRODUCT_BUNDLE_IDENTIFIER = com.farhan.FinalProjectTests;
				PRODUCT_NAME = "$(TARGET_NAME)";
				SWIFT_EMIT_LOC_STRINGS = NO;
				SWIFT_VERSION = 5.0;
				TARGETED_DEVICE_FAMILY = "1,2";
				TEST_HOST = "$(BUILT_PRODUCTS_DIR)/FinalProject.app/$(BUNDLE_EXECUTABLE_FOLDER_PATH)/FinalProject";
			};
			name = Release;
		};
		4516E83829DE59E90031FE52 /* Debug */ = {
			isa = XCBuildConfiguration;
			buildSettings = {
				ALWAYS_EMBED_SWIFT_STANDARD_LIBRARIES = YES;
				CODE_SIGN_STYLE = Automatic;
				CURRENT_PROJECT_VERSION = 1;
				GENERATE_INFOPLIST_FILE = YES;
				MARKETING_VERSION = 1.0;
				PRODUCT_BUNDLE_IDENTIFIER = com.farhan.FinalProjectUITests;
				PRODUCT_NAME = "$(TARGET_NAME)";
				SWIFT_EMIT_LOC_STRINGS = NO;
				SWIFT_VERSION = 5.0;
				TARGETED_DEVICE_FAMILY = "1,2";
				TEST_TARGET_NAME = FinalProject;
			};
			name = Debug;
		};
		4516E83929DE59E90031FE52 /* Release */ = {
			isa = XCBuildConfiguration;
			buildSettings = {
				ALWAYS_EMBED_SWIFT_STANDARD_LIBRARIES = YES;
				CODE_SIGN_STYLE = Automatic;
				CURRENT_PROJECT_VERSION = 1;
				GENERATE_INFOPLIST_FILE = YES;
				MARKETING_VERSION = 1.0;
				PRODUCT_BUNDLE_IDENTIFIER = com.farhan.FinalProjectUITests;
				PRODUCT_NAME = "$(TARGET_NAME)";
				SWIFT_EMIT_LOC_STRINGS = NO;
				SWIFT_VERSION = 5.0;
				TARGETED_DEVICE_FAMILY = "1,2";
				TEST_TARGET_NAME = FinalProject;
			};
			name = Release;
		};
/* End XCBuildConfiguration section */

/* Begin XCConfigurationList section */
		4516E80229DE59E40031FE52 /* Build configuration list for PBXProject "FinalProject" */ = {
			isa = XCConfigurationList;
			buildConfigurations = (
				4516E82F29DE59E90031FE52 /* Debug */,
				4516E83029DE59E90031FE52 /* Release */,
			);
			defaultConfigurationIsVisible = 0;
			defaultConfigurationName = Release;
		};
		4516E83129DE59E90031FE52 /* Build configuration list for PBXNativeTarget "FinalProject" */ = {
			isa = XCConfigurationList;
			buildConfigurations = (
				4516E83229DE59E90031FE52 /* Debug */,
				4516E83329DE59E90031FE52 /* Release */,
			);
			defaultConfigurationIsVisible = 0;
			defaultConfigurationName = Release;
		};
		4516E83429DE59E90031FE52 /* Build configuration list for PBXNativeTarget "FinalProjectTests" */ = {
			isa = XCConfigurationList;
			buildConfigurations = (
				4516E83529DE59E90031FE52 /* Debug */,
				4516E83629DE59E90031FE52 /* Release */,
			);
			defaultConfigurationIsVisible = 0;
			defaultConfigurationName = Release;
		};
		4516E83729DE59E90031FE52 /* Build configuration list for PBXNativeTarget "FinalProjectUITests" */ = {
			isa = XCConfigurationList;
			buildConfigurations = (
				4516E83829DE59E90031FE52 /* Debug */,
				4516E83929DE59E90031FE52 /* Release */,
			);
			defaultConfigurationIsVisible = 0;
			defaultConfigurationName = Release;
		};
/* End XCConfigurationList section */

/* Begin XCRemoteSwiftPackageReference section */
		D71755AE2A07B25F00FB9BD8 /* XCRemoteSwiftPackageReference "SkeletonView" */ = {
			isa = XCRemoteSwiftPackageReference;
			repositoryURL = "https://github.com/Juanpe/SkeletonView";
			requirement = {
				kind = upToNextMajorVersion;
				minimumVersion = 1.0.0;
			};
		};
		D746DE6E29E686A1008CCCC0 /* XCRemoteSwiftPackageReference "firebase-ios-sdk" */ = {
			isa = XCRemoteSwiftPackageReference;
			repositoryURL = "https://github.com/firebase/firebase-ios-sdk";
			requirement = {
				branch = master;
				kind = branch;
			};
		};
		D7767AFA2A00A7C2008D3DF2 /* XCRemoteSwiftPackageReference "SDWebImage" */ = {
			isa = XCRemoteSwiftPackageReference;
			repositoryURL = "https://github.com/SDWebImage/SDWebImage";
			requirement = {
				branch = master;
				kind = branch;
			};
		};
/* End XCRemoteSwiftPackageReference section */

/* Begin XCSwiftPackageProductDependency section */
		D71755AF2A07B25F00FB9BD8 /* SkeletonView */ = {
			isa = XCSwiftPackageProductDependency;
			package = D71755AE2A07B25F00FB9BD8 /* XCRemoteSwiftPackageReference "SkeletonView" */;
			productName = SkeletonView;
		};
		D746DE6F29E686A1008CCCC0 /* FirebaseAuth */ = {
			isa = XCSwiftPackageProductDependency;
			package = D746DE6E29E686A1008CCCC0 /* XCRemoteSwiftPackageReference "firebase-ios-sdk" */;
			productName = FirebaseAuth;
		};
		D7767AFB2A00A7C2008D3DF2 /* SDWebImage */ = {
			isa = XCSwiftPackageProductDependency;
			package = D7767AFA2A00A7C2008D3DF2 /* XCRemoteSwiftPackageReference "SDWebImage" */;
			productName = SDWebImage;
		};
/* End XCSwiftPackageProductDependency section */
	};
	rootObject = 4516E7FF29DE59E40031FE52 /* Project object */;
}
